
Microsoft Visual Studio Solution File, Format Version 12.00
# Visual Studio Version 16
VisualStudioVersion = 16.0.28902.138
MinimumVisualStudioVersion = 10.0.40219.1
Project("{FAE04EC0-301F-11D3-BF4B-00C04F79EFBC}") = "CalculatorWithClass", "CalculatorWithClass.csproj", "{9FC9FEC2-DE8C-4B8E-8436-68F2EC983E6E}"
EndProject
Global
	GlobalSection(SolutionConfigurationPlatforms) = preSolution
		Debug|Any CPU = Debug|Any CPU
		Release|Any CPU = Release|Any CPU
	EndGlobalSection
	GlobalSection(ProjectConfigurationPlatforms) = postSolution
		{9FC9FEC2-DE8C-4B8E-8436-68F2EC983E6E}.Debug|Any CPU.ActiveCfg = Debug|Any CPU
		{9FC9FEC2-DE8C-4B8E-8436-68F2EC983E6E}.Debug|Any CPU.Build.0 = Debug|Any CPU
		{9FC9FEC2-DE8C-4B8E-8436-68F2EC983E6E}.Release|Any CPU.ActiveCfg = Release|Any CPU
		{9FC9FEC2-DE8C-4B8E-8436-68F2EC983E6E}.Release|Any CPU.Build.0 = Release|Any CPU
	EndGlobalSection
	GlobalSection(SolutionProperties) = preSolution
		HideSolutionNode = FALSE
	EndGlobalSection
	GlobalSection(ExtensibilityGlobals) = postSolution
		SolutionGuid = {FA4C1489-FEB6-42CA-9606-43E2948C8EBB}
	EndGlobalSection
EndGlobal
